
Microsoft Visual Studio Solution File, Format Version 12.00
# Visual Studio Version 17
VisualStudioVersion = 17.2.32526.322
MinimumVisualStudioVersion = 10.0.40219.1
Project("{9A19103F-16F7-4668-BE54-9A1E7A4F7556}") = "Web_Api_Cem", "Web_Api_Cem.csproj", "{7865D920-18ED-4BC5-B29D-AC39762A0586}"
EndProject
Global
	GlobalSection(SolutionConfigurationPlatforms) = preSolution
		Debug|Any CPU = Debug|Any CPU
		Release|Any CPU = Release|Any CPU
	EndGlobalSection
	GlobalSection(ProjectConfigurationPlatforms) = postSolution
		{7865D920-18ED-4BC5-B29D-AC39762A0586}.Debug|Any CPU.ActiveCfg = Debug|Any CPU
		{7865D920-18ED-4BC5-B29D-AC39762A0586}.Debug|Any CPU.Build.0 = Debug|Any CPU
		{7865D920-18ED-4BC5-B29D-AC39762A0586}.Release|Any CPU.ActiveCfg = Release|Any CPU
		{7865D920-18ED-4BC5-B29D-AC39762A0586}.Release|Any CPU.Build.0 = Release|Any CPU
	EndGlobalSection
	GlobalSection(SolutionProperties) = preSolution
		HideSolutionNode = FALSE
	EndGlobalSection
	GlobalSection(ExtensibilityGlobals) = postSolution
		SolutionGuid = {E3839C7E-1696-420F-A8D5-FFEC4A68E903}
	EndGlobalSection
EndGlobal
